
Microsoft Visual Studio Solution File, Format Version 12.00
# Visual Studio Version 16
VisualStudioVersion = 16.0.32602.291
MinimumVisualStudioVersion = 10.0.40219.1
Project("{FAE04EC0-301F-11D3-BF4B-00C04F79EFBC}") = "TestLibrary", "TestLibrary\TestLibrary.csproj", "{6A9B7EC3-157A-42BB-9470-08601BF64239}"
EndProject
Global
	GlobalSection(SolutionConfigurationPlatforms) = preSolution
		Debug|Any CPU = Debug|Any CPU
		Release|Any CPU = Release|Any CPU
	EndGlobalSection
	GlobalSection(ProjectConfigurationPlatforms) = postSolution
		{6A9B7EC3-157A-42BB-9470-08601BF64239}.Debug|Any CPU.ActiveCfg = Debug|Any CPU
		{6A9B7EC3-157A-42BB-9470-08601BF64239}.Debug|Any CPU.Build.0 = Debug|Any CPU
		{6A9B7EC3-157A-42BB-9470-08601BF64239}.Release|Any CPU.ActiveCfg = Release|Any CPU
		{6A9B7EC3-157A-42BB-9470-08601BF64239}.Release|Any CPU.Build.0 = Release|Any CPU
	EndGlobalSection
	GlobalSection(SolutionProperties) = preSolution
		HideSolutionNode = FALSE
	EndGlobalSection
	GlobalSection(ExtensibilityGlobals) = postSolution
		SolutionGuid = {C15E570B-3FB5-497E-87E4-76B21C7F25B1}
	EndGlobalSection
EndGlobal
